
Microsoft Visual Studio Solution File, Format Version 12.00
# Visual Studio Version 16
VisualStudioVersion = 16.0.29009.5
MinimumVisualStudioVersion = 10.0.40219.1
Project("{FAE04EC0-301F-11D3-BF4B-00C04F79EFBC}") = "Library-Project-Master", "Library-Project-Master\Library-Project-Master.csproj", "{63A8069A-08DF-4A68-B872-9E939C3E971C}"
EndProject
Global
	GlobalSection(SolutionConfigurationPlatforms) = preSolution
		Debug|Any CPU = Debug|Any CPU
		Release|Any CPU = Release|Any CPU
	EndGlobalSection
	GlobalSection(ProjectConfigurationPlatforms) = postSolution
		{63A8069A-08DF-4A68-B872-9E939C3E971C}.Debug|Any CPU.ActiveCfg = Debug|Any CPU
		{63A8069A-08DF-4A68-B872-9E939C3E971C}.Debug|Any CPU.Build.0 = Debug|Any CPU
		{63A8069A-08DF-4A68-B872-9E939C3E971C}.Release|Any CPU.ActiveCfg = Release|Any CPU
		{63A8069A-08DF-4A68-B872-9E939C3E971C}.Release|Any CPU.Build.0 = Release|Any CPU
	EndGlobalSection
	GlobalSection(SolutionProperties) = preSolution
		HideSolutionNode = FALSE
	EndGlobalSection
	GlobalSection(ExtensibilityGlobals) = postSolution
		SolutionGuid = {650C8532-4835-4146-A1E4-369D90DE2AAD}
	EndGlobalSection
EndGlobal
